{
    "_meta": {
        "hash": {
            "sha256": "89d694c2d2a9a0377f6ee09a681a947dae56898531431b35b7729299cd7478ed"
        },
        "pipfile-spec": 6,
        "requires": {
            "python_version": "3.8"
        },
        "sources": [
            {
                "name": "pypi",
                "url": "https://pypi.org/simple",
                "verify_ssl": true
            }
        ]
    },
    "default": {
        "asgiref": {
            "hashes": [
                "sha256:63007b556233381c5f22ae4c7e4292c9f1b953dc8909ae8fd268f611dc23cbd0",
                "sha256:9c65b42045910c159ad41fc33692a8a6e6e154d8d05244ea69a0cbc617edad31"
            ],
            "version": "==3.2.6"
        },
        "django": {
            "hashes": [
                "sha256:50b781f6cbeb98f673aa76ed8e572a019a45e52bdd4ad09001072dfd91ab07c8",
                "sha256:89e451bfbb815280b137e33e454ddd56481fdaa6334054e6e031041ee1eda360"
            ],
            "index": "pypi",
            "version": "==3.0.4"
        },
        "django-tailwind": {
            "hashes": [
                "sha256:4d9e2e4d1e3dd921e11a4e52f5c629bdb534739c7f34f03534f737288a070cab",
                "sha256:f141b1e0fb99aaba6cab3884fc9a06a97ef2430f74fa4085c8b76a786469445c"
            ],
            "index": "pypi",
            "version": "==0.7.1"
        },
        "pytz": {
            "hashes": [
                "sha256:1c557d7d0e871de1f5ccd5833f60fb2550652da6be2693c1e02300743d21500d",
                "sha256:b02c06db6cf09c12dd25137e563b31700d3b80fcc4ad23abb7a315f2789819be"
            ],
            "version": "==2019.3"
        },
        "sqlparse": {
            "hashes": [
                "sha256:022fb9c87b524d1f7862b3037e541f68597a730a8843245c349fc93e1643dc4e",
                "sha256:e162203737712307dfe78860cc56c8da8a852ab2ee33750e33aeadf38d12c548"
            ],
            "version": "==0.3.1"
        }
    },
    "develop": {}
}
